
Microsoft Visual Studio Solution File, Format Version 12.00
# Visual Studio Version 17
VisualStudioVersion = 17.6.33829.357
MinimumVisualStudioVersion = 10.0.40219.1
Project("{FAE04EC0-301F-11D3-BF4B-00C04F79EFBC}") = "KONVERSI SATUAN FARAH", "KONVERSI SATUAN FARAH\KONVERSI SATUAN FARAH.csproj", "{65E1BC7E-2AC7-4BC6-B678-AD0C973B828D}"
EndProject
Global
	GlobalSection(SolutionConfigurationPlatforms) = preSolution
		Debug|Any CPU = Debug|Any CPU
		Release|Any CPU = Release|Any CPU
	EndGlobalSection
	GlobalSection(ProjectConfigurationPlatforms) = postSolution
		{65E1BC7E-2AC7-4BC6-B678-AD0C973B828D}.Debug|Any CPU.ActiveCfg = Debug|Any CPU
		{65E1BC7E-2AC7-4BC6-B678-AD0C973B828D}.Debug|Any CPU.Build.0 = Debug|Any CPU
		{65E1BC7E-2AC7-4BC6-B678-AD0C973B828D}.Release|Any CPU.ActiveCfg = Release|Any CPU
		{65E1BC7E-2AC7-4BC6-B678-AD0C973B828D}.Release|Any CPU.Build.0 = Release|Any CPU
	EndGlobalSection
	GlobalSection(SolutionProperties) = preSolution
		HideSolutionNode = FALSE
	EndGlobalSection
	GlobalSection(ExtensibilityGlobals) = postSolution
		SolutionGuid = {3B727520-E912-4639-9D90-A218C65A472A}
	EndGlobalSection
EndGlobal
